
Microsoft Visual Studio Solution File, Format Version 12.00
# Visual Studio Version 18
VisualStudioVersion = 18.5.11723.231
MinimumVisualStudioVersion = 10.0.40219.1
Project("{9A19103F-16F7-4668-BE54-9A1E7A4F7556}") = "BMTP3.Core", "BMTP3.Core\BMTP3.Core.csproj", "{E7F79CA5-A205-48D8-A7DE-0610A05D54B8}"
EndProject
Project("{FAE04EC0-301F-11D3-BF4B-00C04F79EFBC}") = "BMTP3.Common", "BMTP3.Common\BMTP3.Common.csproj", "{749CC314-0DF3-40F2-B2C9-8C6FD1F92775}"
EndProject
Project("{FAE04EC0-301F-11D3-BF4B-00C04F79EFBC}") = "BMTP3.Common.Tests", "BMTP3.Common.Tests\BMTP3.Common.Tests.csproj", "{5840EE77-AB40-42E2-986D-48DF8603313D}"
EndProject
Project("{FAE04EC0-301F-11D3-BF4B-00C04F79EFBC}") = "BMTP3.Core.Tests", "BMTP3.Core.Tests\BMTP3.Core.Tests.csproj", "{76B92852-FD17-47A9-AC0A-63A475D21B45}"
EndProject
Project("{FAE04EC0-301F-11D3-BF4B-00C04F79EFBC}") = "BMTP3.Consoles", "BMTP3.Consoles\BMTP3.Consoles.csproj", "{6103C3DF-6103-8850-9A32-C58219E05CDD}"
EndProject
Project("{2150E333-8FDC-42A3-9474-1A3956D46DE8}") = "Solution Items", "Solution Items", "{02EA681E-C7D8-13C7-8484-4AC65E1B71E8}"
	ProjectSection(SolutionItems) = preProject
		.editorconfig = .editorconfig
		bump-build.ps1 = bump-build.ps1
		bump-releasechannel.ps1 = bump-releasechannel.ps1
		CLA.md = CLA.md
		CONTRIBUTING.md = CONTRIBUTING.md
		CORE4_ARCHITECTURE.md = CORE4_ARCHITECTURE.md
		CORE4_ARCHITECTURE_en.md = CORE4_ARCHITECTURE_en.md
		CORE4_PLAN.md = CORE4_PLAN.md
		CORE4_PLAN_en.md = CORE4_PLAN_en.md
		Directory.Build.props = Directory.Build.props
		Directory.Build.targets = Directory.Build.targets
		LICENSE.md = LICENSE.md
		README.md = README.md
	EndProjectSection
EndProject
Project("{FAE04EC0-301F-11D3-BF4B-00C04F79EFBC}") = "BMTP3.Core2", "BMTP3.Core2\BMTP3.Core2.csproj", "{30FD8DB7-E62B-495C-B108-63CEBD94DD38}"
EndProject
Project("{FAE04EC0-301F-11D3-BF4B-00C04F79EFBC}") = "BMTP3.Core2.Tests", "BMTP3.Core2.Tests\BMTP3.Core2.Tests.csproj", "{9124BE8E-1D6B-44E2-AB4C-6E451F154ADB}"
EndProject
Project("{FAE04EC0-301F-11D3-BF4B-00C04F79EFBC}") = "BMTP3.Consoles.Tests", "BMTP3.Consoles.Tests\BMTP3.Consoles.Tests.csproj", "{4C198FED-F032-7EBF-C2F9-F05C264F8698}"
EndProject
Project("{FAE04EC0-301F-11D3-BF4B-00C04F79EFBC}") = "BMTP3.MessageFormatter", "BMTP3.MessageFormatter\BMTP3.MessageFormatter.csproj", "{3AD353A9-5494-4961-B7CA-C4376401DED3}"
EndProject
Project("{FAE04EC0-301F-11D3-BF4B-00C04F79EFBC}") = "BMTP3.MessageFormatter.Tests", "BMTP3.MessageFormatter.Tests\BMTP3.MessageFormatter.Tests.csproj", "{BE680428-995B-4435-ABF6-1B5DF98FAA40}"
EndProject
Project("{FAE04EC0-301F-11D3-BF4B-00C04F79EFBC}") = "BMTP3.Core3", "BMTP3.Core3\BMTP3.Core3.csproj", "{6775E400-E012-DE19-9DE9-33CD9D19C73F}"
EndProject
Project("{FAE04EC0-301F-11D3-BF4B-00C04F79EFBC}") = "BMTP3.Core3.Tests", "BMTP3.Core3.Tests\BMTP3.Core3.Tests.csproj", "{898760AB-76B8-A358-0668-554DB9F36E36}"
EndProject
Project("{FAE04EC0-301F-11D3-BF4B-00C04F79EFBC}") = "BMTP3.Core4", "BMTP3.Core4\BMTP3.Core4.csproj", "{D82FEC9A-803E-47F3-852D-45AF7FF920B8}"
EndProject
Project("{FAE04EC0-301F-11D3-BF4B-00C04F79EFBC}") = "BMTP3.Core4.Tests", "BMTP3.Core4.Tests\BMTP3.Core4.Tests.csproj", "{7B96DFA4-23F1-427F-996D-4EABCDEE5702}"
EndProject
Project("{2150E333-8FDC-42A3-9474-1A3956D46DE8}") = "Tasks", "Tasks", "{D936979D-2B97-467A-AD70-2A9761F153F0}"
	ProjectSection(SolutionItems) = preProject
		docs_fromGPT5.4\Taks\000_TASKS_INDEX.md = docs_fromGPT5.4\Taks\000_TASKS_INDEX.md
		docs_fromGPT5.4\Taks\001_[NEED]_delete-class1-placeholder.md = docs_fromGPT5.4\Taks\001_[NEED]_delete-class1-placeholder.md
		docs_fromGPT5.4\Taks\002_[NEED]_delete-unittest1-and-empty-fakes.md = docs_fromGPT5.4\Taks\002_[NEED]_delete-unittest1-and-empty-fakes.md
		docs_fromGPT5.4\Taks\003_[NEED]_fix-collisionstrategy-filename-typo.md = docs_fromGPT5.4\Taks\003_[NEED]_fix-collisionstrategy-filename-typo.md
		docs_fromGPT5.4\Taks\004_[NEED]_preflight-align-target-framework.md = docs_fromGPT5.4\Taks\004_[NEED]_preflight-align-target-framework.md
		docs_fromGPT5.4\Taks\005_[NEED]_add-projectreference-tests-to-core4.md = docs_fromGPT5.4\Taks\005_[NEED]_add-projectreference-tests-to-core4.md
		docs_fromGPT5.4\Taks\006_[NEED]_delete-backupengine-public-stub.md = docs_fromGPT5.4\Taks\006_[NEED]_delete-backupengine-public-stub.md
		docs_fromGPT5.4\Taks\007_[NEED]_delete-parallelbackupengine-stub.md = docs_fromGPT5.4\Taks\007_[NEED]_delete-parallelbackupengine-stub.md
		docs_fromGPT5.4\Taks\008_[NEED]_delete-empty-backupsessionstore-stub.md = docs_fromGPT5.4\Taks\008_[NEED]_delete-empty-backupsessionstore-stub.md
		docs_fromGPT5.4\Taks\009_[NEED]_create-transferresult.md = docs_fromGPT5.4\Taks\009_[NEED]_create-transferresult.md
		docs_fromGPT5.4\Taks\010_[NEED]_create-ifiletransfer.md = docs_fromGPT5.4\Taks\010_[NEED]_create-ifiletransfer.md
		docs_fromGPT5.4\Taks\011_[NEED]_create-sidecardata.md = docs_fromGPT5.4\Taks\011_[NEED]_create-sidecardata.md
		docs_fromGPT5.4\Taks\012_[NEED]_create-sidecarenrichment-stub.md = docs_fromGPT5.4\Taks\012_[NEED]_create-sidecarenrichment-stub.md
		docs_fromGPT5.4\Taks\013_[NEED]_create-isidecargenerator.md = docs_fromGPT5.4\Taks\013_[NEED]_create-isidecargenerator.md
		docs_fromGPT5.4\Taks\014_[NEED]_create-core4options.md = docs_fromGPT5.4\Taks\014_[NEED]_create-core4options.md
		docs_fromGPT5.4\Taks\015_[NEED]_create-fileprogresssnapshot.md = docs_fromGPT5.4\Taks\015_[NEED]_create-fileprogresssnapshot.md
		docs_fromGPT5.4\Taks\016_[NEED]_create-backupprogresssnapshot.md = docs_fromGPT5.4\Taks\016_[NEED]_create-backupprogresssnapshot.md
		docs_fromGPT5.4\Taks\017_[NEED]_create-progresstracker-counters.md = docs_fromGPT5.4\Taks\017_[NEED]_create-progresstracker-counters.md
		docs_fromGPT5.4\Taks\018_[NEED]_create-progresstracker-activefiles.md = docs_fromGPT5.4\Taks\018_[NEED]_create-progresstracker-activefiles.md
		docs_fromGPT5.4\Taks\019_[NEED]_implement-filesystemitemscanner-basic.md = docs_fromGPT5.4\Taks\019_[NEED]_implement-filesystemitemscanner-basic.md
		docs_fromGPT5.4\Taks\020_[NEED]_implement-filesystemfiletransfer-temp-copy.md = docs_fromGPT5.4\Taks\020_[NEED]_implement-filesystemfiletransfer-temp-copy.md
		docs_fromGPT5.4\Taks\021_[NEED]_implement-filesystemfiletransfer-progress.md = docs_fromGPT5.4\Taks\021_[NEED]_implement-filesystemfiletransfer-progress.md
		docs_fromGPT5.4\Taks\022_[NEED]_implement-filesystemfiletransfer-cleanup.md = docs_fromGPT5.4\Taks\022_[NEED]_implement-filesystemfiletransfer-cleanup.md
		docs_fromGPT5.4\Taks\023_[NEED]_implement-jsonsidecargenerator-create.md = docs_fromGPT5.4\Taks\023_[NEED]_implement-jsonsidecargenerator-create.md
		docs_fromGPT5.4\Taks\024_[NEED]_implement-jsonsidecargenerator-update-stub.md = docs_fromGPT5.4\Taks\024_[NEED]_implement-jsonsidecargenerator-update-stub.md
		docs_fromGPT5.4\Taks\025_[NEED]_implement-sequentialengine-scan-phase.md = docs_fromGPT5.4\Taks\025_[NEED]_implement-sequentialengine-scan-phase.md
		docs_fromGPT5.4\Taks\026_[NEED]_implement-sequentialengine-transfer-loop.md = docs_fromGPT5.4\Taks\026_[NEED]_implement-sequentialengine-transfer-loop.md
		docs_fromGPT5.4\Taks\027_[NEED]_implement-sequentialengine-resolvedestination.md = docs_fromGPT5.4\Taks\027_[NEED]_implement-sequentialengine-resolvedestination.md
		docs_fromGPT5.4\Taks\028_[NEED]_implement-sequentialengine-buildresult.md = docs_fromGPT5.4\Taks\028_[NEED]_implement-sequentialengine-buildresult.md
		docs_fromGPT5.4\Taks\029_[NEED]_implement-sequentialengine-cancellation.md = docs_fromGPT5.4\Taks\029_[NEED]_implement-sequentialengine-cancellation.md
		docs_fromGPT5.4\Taks\030_[NEED]_implement-sequentialengine-validation-failure.md = docs_fromGPT5.4\Taks\030_[NEED]_implement-sequentialengine-validation-failure.md
		docs_fromGPT5.4\Taks\031_[NEED]_implement-sequentialengine-fatal-failure.md = docs_fromGPT5.4\Taks\031_[NEED]_implement-sequentialengine-fatal-failure.md
		docs_fromGPT5.4\Taks\032_[NEED]_implement-sequentialengine-skipexisting.md = docs_fromGPT5.4\Taks\032_[NEED]_implement-sequentialengine-skipexisting.md
		docs_fromGPT5.4\Taks\033_[NEED]_implement-sequentialengine-stoponerror.md = docs_fromGPT5.4\Taks\033_[NEED]_implement-sequentialengine-stoponerror.md
		docs_fromGPT5.4\Taks\034_[NEED]_implement-sequentialengine-dryrun.md = docs_fromGPT5.4\Taks\034_[NEED]_implement-sequentialengine-dryrun.md
		docs_fromGPT5.4\Taks\035_[NEED]_unit-test-transferresult-and-contracts.md = docs_fromGPT5.4\Taks\035_[NEED]_unit-test-transferresult-and-contracts.md
		docs_fromGPT5.4\Taks\036_[NEED]_unit-test-progresstracker.md = docs_fromGPT5.4\Taks\036_[NEED]_unit-test-progresstracker.md
		docs_fromGPT5.4\Taks\037_[NEED]_unit-test-filesystemitemscanner.md = docs_fromGPT5.4\Taks\037_[NEED]_unit-test-filesystemitemscanner.md
		docs_fromGPT5.4\Taks\038_[NEED]_unit-test-filesystemfiletransfer.md = docs_fromGPT5.4\Taks\038_[NEED]_unit-test-filesystemfiletransfer.md
		docs_fromGPT5.4\Taks\039_[NEED]_unit-test-jsonsidecargenerator.md = docs_fromGPT5.4\Taks\039_[NEED]_unit-test-jsonsidecargenerator.md
		docs_fromGPT5.4\Taks\040_[NEED]_unit-test-sequentialengine-core-flow.md = docs_fromGPT5.4\Taks\040_[NEED]_unit-test-sequentialengine-core-flow.md
		docs_fromGPT5.4\Taks\041_[NEED]_integration-test-fs-scan-transfer-sidecar.md = docs_fromGPT5.4\Taks\041_[NEED]_integration-test-fs-scan-transfer-sidecar.md
		docs_fromGPT5.4\Taks\042_[NEED]_integration-test-fs-per-file-failure-continues.md = docs_fromGPT5.4\Taks\042_[NEED]_integration-test-fs-per-file-failure-continues.md
		docs_fromGPT5.4\Taks\043_[NEED]_integration-test-fs-cancellation-partial-result.md = docs_fromGPT5.4\Taks\043_[NEED]_integration-test-fs-cancellation-partial-result.md
		docs_fromGPT5.4\Taks\044_[NEED]_integration-test-fs-dryrun-no-writes.md = docs_fromGPT5.4\Taks\044_[NEED]_integration-test-fs-dryrun-no-writes.md
		docs_fromGPT5.4\Taks\045_[NEED]_create-backupenginefactory.md = docs_fromGPT5.4\Taks\045_[NEED]_create-backupenginefactory.md
		docs_fromGPT5.4\Taks\046_[NEED]_create-servicecollectionextensions.md = docs_fromGPT5.4\Taks\046_[NEED]_create-servicecollectionextensions.md
		docs_fromGPT5.4\Taks\047_[NEED]_wire-dependencyinjection-registrations.md = docs_fromGPT5.4\Taks\047_[NEED]_wire-dependencyinjection-registrations.md
		docs_fromGPT5.4\Taks\048_[NEED]_wire-ibackupengine-factory-resolution.md = docs_fromGPT5.4\Taks\048_[NEED]_wire-ibackupengine-factory-resolution.md
		docs_fromGPT5.4\Taks\049_[NEED]_wire-core4-into-bmtp3-consoles.md = docs_fromGPT5.4\Taks\049_[NEED]_wire-core4-into-bmtp3-consoles.md
		docs_fromGPT5.4\Taks\050_[NEED]_create-mtpitemscanner-skeleton.md = docs_fromGPT5.4\Taks\050_[NEED]_create-mtpitemscanner-skeleton.md
		docs_fromGPT5.4\Taks\051_[NEED]_create-mtpfiletransfer-skeleton.md = docs_fromGPT5.4\Taks\051_[NEED]_create-mtpfiletransfer-skeleton.md
		docs_fromGPT5.4\Taks\052_[NEED]_implement-mtp-scanner-stack-traversal.md = docs_fromGPT5.4\Taks\052_[NEED]_implement-mtp-scanner-stack-traversal.md
		docs_fromGPT5.4\Taks\053_[NEED]_implement-mtp-transfer-temp-copy.md = docs_fromGPT5.4\Taks\053_[NEED]_implement-mtp-transfer-temp-copy.md
		docs_fromGPT5.4\Taks\054_[NEED]_implement-mtp-transfer-retry-backoff.md = docs_fromGPT5.4\Taks\054_[NEED]_implement-mtp-transfer-retry-backoff.md
		docs_fromGPT5.4\Taks\055_[NEED]_implement-mtp-timeout-handling.md = docs_fromGPT5.4\Taks\055_[NEED]_implement-mtp-timeout-handling.md
		docs_fromGPT5.4\Taks\056_[NEED]_implement-mtp-session-lifecycle-integration.md = docs_fromGPT5.4\Taks\056_[NEED]_implement-mtp-session-lifecycle-integration.md
		docs_fromGPT5.4\Taks\057_[NEED]_enforce-mtp-sequential-only.md = docs_fromGPT5.4\Taks\057_[NEED]_enforce-mtp-sequential-only.md
		docs_fromGPT5.4\Taks\058_[NEED]_enforce-feature-gating-in-validator.md = docs_fromGPT5.4\Taks\058_[NEED]_enforce-feature-gating-in-validator.md
		docs_fromGPT5.4\Taks\059_[NEED]_enforce-buffered-streaming-io-rules.md = docs_fromGPT5.4\Taks\059_[NEED]_enforce-buffered-streaming-io-rules.md
		docs_fromGPT5.4\Taks\060_[NEED]_enforce-sidecar-name-sidecar-json.md = docs_fromGPT5.4\Taks\060_[NEED]_enforce-sidecar-name-sidecar-json.md
		docs_fromGPT5.4\Taks\061_[NEED]_integration-test-mtp-basic-flow.md = docs_fromGPT5.4\Taks\061_[NEED]_integration-test-mtp-basic-flow.md
		docs_fromGPT5.4\Taks\062_[NEED]_integration-test-mtp-retry-and-disconnect.md = docs_fromGPT5.4\Taks\062_[NEED]_integration-test-mtp-retry-and-disconnect.md
		docs_fromGPT5.4\Taks\063_[SHOULD]_implement-include-exclude-pattern-matching.md = docs_fromGPT5.4\Taks\063_[SHOULD]_implement-include-exclude-pattern-matching.md
		docs_fromGPT5.4\Taks\064_[SHOULD]_implement-collisionstrategy-rename.md = docs_fromGPT5.4\Taks\064_[SHOULD]_implement-collisionstrategy-rename.md
		docs_fromGPT5.4\Taks\065_[SHOULD]_implement-collisionstrategy-overwrite.md = docs_fromGPT5.4\Taks\065_[SHOULD]_implement-collisionstrategy-overwrite.md
		docs_fromGPT5.4\Taks\066_[SHOULD]_implement-outputstructure-flat-and-hierarchy.md = docs_fromGPT5.4\Taks\066_[SHOULD]_implement-outputstructure-flat-and-hierarchy.md
		docs_fromGPT5.4\Taks\067_[SHOULD]_implement-progress-debounce-500ms.md = docs_fromGPT5.4\Taks\067_[SHOULD]_implement-progress-debounce-500ms.md
		docs_fromGPT5.4\Taks\068_[SHOULD]_integrate-ilogger-structured-logging.md = docs_fromGPT5.4\Taks\068_[SHOULD]_integrate-ilogger-structured-logging.md
		docs_fromGPT5.4\Taks\069_[SHOULD]_harden-errorcode-mapping.md = docs_fromGPT5.4\Taks\069_[SHOULD]_harden-errorcode-mapping.md
		docs_fromGPT5.4\Taks\070_[SHOULD]_harden-dryrun-full-simulation.md = docs_fromGPT5.4\Taks\070_[SHOULD]_harden-dryrun-full-simulation.md
		docs_fromGPT5.4\Taks\071_[SHOULD]_tests-for-patterns-collision-dryrun.md = docs_fromGPT5.4\Taks\071_[SHOULD]_tests-for-patterns-collision-dryrun.md
		docs_fromGPT5.4\Taks\072_[NICE]_create-hashing-contracts-and-filehasher.md = docs_fromGPT5.4\Taks\072_[NICE]_create-hashing-contracts-and-filehasher.md
		docs_fromGPT5.4\Taks\073_[NICE]_create-metadata-contracts-and-models.md = docs_fromGPT5.4\Taks\073_[NICE]_create-metadata-contracts-and-models.md
		docs_fromGPT5.4\Taks\074_[NICE]_implement-metadataextractorreader.md = docs_fromGPT5.4\Taks\074_[NICE]_implement-metadataextractorreader.md
		docs_fromGPT5.4\Taks\075_[NICE]_implement-exiftoolmetadatareader-fallback.md = docs_fromGPT5.4\Taks\075_[NICE]_implement-exiftoolmetadatareader-fallback.md
		docs_fromGPT5.4\Taks\076_[NICE]_implement-bestdate-selection-rules.md = docs_fromGPT5.4\Taks\076_[NICE]_implement-bestdate-selection-rules.md
		docs_fromGPT5.4\Taks\077_[NICE]_create-verification-contracts-and-verifier.md = docs_fromGPT5.4\Taks\077_[NICE]_create-verification-contracts-and-verifier.md
		docs_fromGPT5.4\Taks\078_[NICE]_create-timestamp-contracts-and-corrector.md = docs_fromGPT5.4\Taks\078_[NICE]_create-timestamp-contracts-and-corrector.md
		docs_fromGPT5.4\Taks\079_[NICE]_wire-enrichment-pipeline-after-sidecar.md = docs_fromGPT5.4\Taks\079_[NICE]_wire-enrichment-pipeline-after-sidecar.md
		docs_fromGPT5.4\Taks\080_[NICE]_tests-metadata-hash-verify-timestamp.md = docs_fromGPT5.4\Taks\080_[NICE]_tests-metadata-hash-verify-timestamp.md
		docs_fromGPT5.4\Taks\081_[LATER]_implement-limitedparallelbackupengine.md = docs_fromGPT5.4\Taks\081_[LATER]_implement-limitedparallelbackupengine.md
		docs_fromGPT5.4\Taks\082_[LATER]_wire-factory-to-parallel-for-filesystem.md = docs_fromGPT5.4\Taks\082_[LATER]_wire-factory-to-parallel-for-filesystem.md
		docs_fromGPT5.4\Taks\083_[LATER]_parallel-engine-threadsafe-progress.md = docs_fromGPT5.4\Taks\083_[LATER]_parallel-engine-threadsafe-progress.md
		docs_fromGPT5.4\Taks\084_[LATER]_parallel-engine-consistency-tests.md = docs_fromGPT5.4\Taks\084_[LATER]_parallel-engine-consistency-tests.md
		docs_fromGPT5.4\Taks\085_[LATER]_create-ibackuprepository.md = docs_fromGPT5.4\Taks\085_[LATER]_create-ibackuprepository.md
		docs_fromGPT5.4\Taks\086_[LATER]_create-noopbackuprepository.md = docs_fromGPT5.4\Taks\086_[LATER]_create-noopbackuprepository.md
		docs_fromGPT5.4\Taks\087_[LATER]_create-filesystembackuprepository.md = docs_fromGPT5.4\Taks\087_[LATER]_create-filesystembackuprepository.md
		docs_fromGPT5.4\Taks\088_[LATER]_create-sqlitebackuprepository.md = docs_fromGPT5.4\Taks\088_[LATER]_create-sqlitebackuprepository.md
		docs_fromGPT5.4\Taks\089_[LATER]_wire-session-persistence-and-resume.md = docs_fromGPT5.4\Taks\089_[LATER]_wire-session-persistence-and-resume.md
		docs_fromGPT5.4\Taks\090_[LATER]_resume-integration-tests.md = docs_fromGPT5.4\Taks\090_[LATER]_resume-integration-tests.md
		docs_fromGPT5.4\Taks\091_[LATER]_create-iprogressnotifier.md = docs_fromGPT5.4\Taks\091_[LATER]_create-iprogressnotifier.md
		docs_fromGPT5.4\Taks\092_[LATER]_create-spectreprogressnotifier.md = docs_fromGPT5.4\Taks\092_[LATER]_create-spectreprogressnotifier.md
		docs_fromGPT5.4\Taks\093_[LATER]_wire-rich-ui-progress-events.md = docs_fromGPT5.4\Taks\093_[LATER]_wire-rich-ui-progress-events.md
		docs_fromGPT5.4\Taks\094_[LATER]_reporting-eta-throughput-workers.md = docs_fromGPT5.4\Taks\094_[LATER]_reporting-eta-throughput-workers.md
		docs_fromGPT5.4\Taks\095_[LATER]_final-regression-and-completion-checklist.md = docs_fromGPT5.4\Taks\095_[LATER]_final-regression-and-completion-checklist.md
	EndProjectSection
EndProject
Global
	GlobalSection(SolutionConfigurationPlatforms) = preSolution
		Debug|Any CPU = Debug|Any CPU
		Debug|x64 = Debug|x64
		Debug|x86 = Debug|x86
		Release|Any CPU = Release|Any CPU
		Release|x64 = Release|x64
		Release|x86 = Release|x86
	EndGlobalSection
	GlobalSection(ProjectConfigurationPlatforms) = postSolution
		{E7F79CA5-A205-48D8-A7DE-0610A05D54B8}.Debug|Any CPU.ActiveCfg = Debug|Any CPU
		{E7F79CA5-A205-48D8-A7DE-0610A05D54B8}.Debug|Any CPU.Build.0 = Debug|Any CPU
		{E7F79CA5-A205-48D8-A7DE-0610A05D54B8}.Debug|x64.ActiveCfg = Debug|Any CPU
		{E7F79CA5-A205-48D8-A7DE-0610A05D54B8}.Debug|x64.Build.0 = Debug|Any CPU
		{E7F79CA5-A205-48D8-A7DE-0610A05D54B8}.Debug|x86.ActiveCfg = Debug|Any CPU
		{E7F79CA5-A205-48D8-A7DE-0610A05D54B8}.Debug|x86.Build.0 = Debug|Any CPU
		{E7F79CA5-A205-48D8-A7DE-0610A05D54B8}.Release|Any CPU.ActiveCfg = Release|Any CPU
		{E7F79CA5-A205-48D8-A7DE-0610A05D54B8}.Release|Any CPU.Build.0 = Release|Any CPU
		{E7F79CA5-A205-48D8-A7DE-0610A05D54B8}.Release|x64.ActiveCfg = Release|Any CPU
		{E7F79CA5-A205-48D8-A7DE-0610A05D54B8}.Release|x64.Build.0 = Release|Any CPU
		{E7F79CA5-A205-48D8-A7DE-0610A05D54B8}.Release|x86.ActiveCfg = Release|Any CPU
		{E7F79CA5-A205-48D8-A7DE-0610A05D54B8}.Release|x86.Build.0 = Release|Any CPU
		{749CC314-0DF3-40F2-B2C9-8C6FD1F92775}.Debug|Any CPU.ActiveCfg = Debug|Any CPU
		{749CC314-0DF3-40F2-B2C9-8C6FD1F92775}.Debug|Any CPU.Build.0 = Debug|Any CPU
		{749CC314-0DF3-40F2-B2C9-8C6FD1F92775}.Debug|x64.ActiveCfg = Debug|Any CPU
		{749CC314-0DF3-40F2-B2C9-8C6FD1F92775}.Debug|x64.Build.0 = Debug|Any CPU
		{749CC314-0DF3-40F2-B2C9-8C6FD1F92775}.Debug|x86.ActiveCfg = Debug|Any CPU
		{749CC314-0DF3-40F2-B2C9-8C6FD1F92775}.Debug|x86.Build.0 = Debug|Any CPU
		{749CC314-0DF3-40F2-B2C9-8C6FD1F92775}.Release|Any CPU.ActiveCfg = Release|Any CPU
		{749CC314-0DF3-40F2-B2C9-8C6FD1F92775}.Release|Any CPU.Build.0 = Release|Any CPU
		{749CC314-0DF3-40F2-B2C9-8C6FD1F92775}.Release|x64.ActiveCfg = Release|Any CPU
		{749CC314-0DF3-40F2-B2C9-8C6FD1F92775}.Release|x64.Build.0 = Release|Any CPU
		{749CC314-0DF3-40F2-B2C9-8C6FD1F92775}.Release|x86.ActiveCfg = Release|Any CPU
		{749CC314-0DF3-40F2-B2C9-8C6FD1F92775}.Release|x86.Build.0 = Release|Any CPU
		{5840EE77-AB40-42E2-986D-48DF8603313D}.Debug|Any CPU.ActiveCfg = Debug|Any CPU
		{5840EE77-AB40-42E2-986D-48DF8603313D}.Debug|Any CPU.Build.0 = Debug|Any CPU
		{5840EE77-AB40-42E2-986D-48DF8603313D}.Debug|x64.ActiveCfg = Debug|Any CPU
		{5840EE77-AB40-42E2-986D-48DF8603313D}.Debug|x64.Build.0 = Debug|Any CPU
		{5840EE77-AB40-42E2-986D-48DF8603313D}.Debug|x86.ActiveCfg = Debug|Any CPU
		{5840EE77-AB40-42E2-986D-48DF8603313D}.Debug|x86.Build.0 = Debug|Any CPU
		{5840EE77-AB40-42E2-986D-48DF8603313D}.Release|Any CPU.ActiveCfg = Release|Any CPU
		{5840EE77-AB40-42E2-986D-48DF8603313D}.Release|Any CPU.Build.0 = Release|Any CPU
		{5840EE77-AB40-42E2-986D-48DF8603313D}.Release|x64.ActiveCfg = Release|Any CPU
		{5840EE77-AB40-42E2-986D-48DF8603313D}.Release|x64.Build.0 = Release|Any CPU
		{5840EE77-AB40-42E2-986D-48DF8603313D}.Release|x86.ActiveCfg = Release|Any CPU
		{5840EE77-AB40-42E2-986D-48DF8603313D}.Release|x86.Build.0 = Release|Any CPU
		{76B92852-FD17-47A9-AC0A-63A475D21B45}.Debug|Any CPU.ActiveCfg = Debug|Any CPU
		{76B92852-FD17-47A9-AC0A-63A475D21B45}.Debug|Any CPU.Build.0 = Debug|Any CPU
		{76B92852-FD17-47A9-AC0A-63A475D21B45}.Debug|x64.ActiveCfg = Debug|Any CPU
		{76B92852-FD17-47A9-AC0A-63A475D21B45}.Debug|x64.Build.0 = Debug|Any CPU
		{76B92852-FD17-47A9-AC0A-63A475D21B45}.Debug|x86.ActiveCfg = Debug|Any CPU
		{76B92852-FD17-47A9-AC0A-63A475D21B45}.Debug|x86.Build.0 = Debug|Any CPU
		{76B92852-FD17-47A9-AC0A-63A475D21B45}.Release|Any CPU.ActiveCfg = Release|Any CPU
		{76B92852-FD17-47A9-AC0A-63A475D21B45}.Release|Any CPU.Build.0 = Release|Any CPU
		{76B92852-FD17-47A9-AC0A-63A475D21B45}.Release|x64.ActiveCfg = Release|Any CPU
		{76B92852-FD17-47A9-AC0A-63A475D21B45}.Release|x64.Build.0 = Release|Any CPU
		{76B92852-FD17-47A9-AC0A-63A475D21B45}.Release|x86.ActiveCfg = Release|Any CPU
		{76B92852-FD17-47A9-AC0A-63A475D21B45}.Release|x86.Build.0 = Release|Any CPU
		{6103C3DF-6103-8850-9A32-C58219E05CDD}.Debug|Any CPU.ActiveCfg = Debug|Any CPU
		{6103C3DF-6103-8850-9A32-C58219E05CDD}.Debug|Any CPU.Build.0 = Debug|Any CPU
		{6103C3DF-6103-8850-9A32-C58219E05CDD}.Debug|x64.ActiveCfg = Debug|Any CPU
		{6103C3DF-6103-8850-9A32-C58219E05CDD}.Debug|x64.Build.0 = Debug|Any CPU
		{6103C3DF-6103-8850-9A32-C58219E05CDD}.Debug|x86.ActiveCfg = Debug|Any CPU
		{6103C3DF-6103-8850-9A32-C58219E05CDD}.Debug|x86.Build.0 = Debug|Any CPU
		{6103C3DF-6103-8850-9A32-C58219E05CDD}.Release|Any CPU.ActiveCfg = Release|Any CPU
		{6103C3DF-6103-8850-9A32-C58219E05CDD}.Release|Any CPU.Build.0 = Release|Any CPU
		{6103C3DF-6103-8850-9A32-C58219E05CDD}.Release|x64.ActiveCfg = Release|Any CPU
		{6103C3DF-6103-8850-9A32-C58219E05CDD}.Release|x64.Build.0 = Release|Any CPU
		{6103C3DF-6103-8850-9A32-C58219E05CDD}.Release|x86.ActiveCfg = Release|Any CPU
		{6103C3DF-6103-8850-9A32-C58219E05CDD}.Release|x86.Build.0 = Release|Any CPU
		{30FD8DB7-E62B-495C-B108-63CEBD94DD38}.Debug|Any CPU.ActiveCfg = Debug|Any CPU
		{30FD8DB7-E62B-495C-B108-63CEBD94DD38}.Debug|Any CPU.Build.0 = Debug|Any CPU
		{30FD8DB7-E62B-495C-B108-63CEBD94DD38}.Debug|x64.ActiveCfg = Debug|Any CPU
		{30FD8DB7-E62B-495C-B108-63CEBD94DD38}.Debug|x64.Build.0 = Debug|Any CPU
		{30FD8DB7-E62B-495C-B108-63CEBD94DD38}.Debug|x86.ActiveCfg = Debug|Any CPU
		{30FD8DB7-E62B-495C-B108-63CEBD94DD38}.Debug|x86.Build.0 = Debug|Any CPU
		{30FD8DB7-E62B-495C-B108-63CEBD94DD38}.Release|Any CPU.ActiveCfg = Release|Any CPU
		{30FD8DB7-E62B-495C-B108-63CEBD94DD38}.Release|Any CPU.Build.0 = Release|Any CPU
		{30FD8DB7-E62B-495C-B108-63CEBD94DD38}.Release|x64.ActiveCfg = Release|Any CPU
		{30FD8DB7-E62B-495C-B108-63CEBD94DD38}.Release|x64.Build.0 = Release|Any CPU
		{30FD8DB7-E62B-495C-B108-63CEBD94DD38}.Release|x86.ActiveCfg = Release|Any CPU
		{30FD8DB7-E62B-495C-B108-63CEBD94DD38}.Release|x86.Build.0 = Release|Any CPU
		{9124BE8E-1D6B-44E2-AB4C-6E451F154ADB}.Debug|Any CPU.ActiveCfg = Debug|Any CPU
		{9124BE8E-1D6B-44E2-AB4C-6E451F154ADB}.Debug|Any CPU.Build.0 = Debug|Any CPU
		{9124BE8E-1D6B-44E2-AB4C-6E451F154ADB}.Debug|x64.ActiveCfg = Debug|Any CPU
		{9124BE8E-1D6B-44E2-AB4C-6E451F154ADB}.Debug|x64.Build.0 = Debug|Any CPU
		{9124BE8E-1D6B-44E2-AB4C-6E451F154ADB}.Debug|x86.ActiveCfg = Debug|Any CPU
		{9124BE8E-1D6B-44E2-AB4C-6E451F154ADB}.Debug|x86.Build.0 = Debug|Any CPU
		{9124BE8E-1D6B-44E2-AB4C-6E451F154ADB}.Release|Any CPU.ActiveCfg = Release|Any CPU
		{9124BE8E-1D6B-44E2-AB4C-6E451F154ADB}.Release|Any CPU.Build.0 = Release|Any CPU
		{9124BE8E-1D6B-44E2-AB4C-6E451F154ADB}.Release|x64.ActiveCfg = Release|Any CPU
		{9124BE8E-1D6B-44E2-AB4C-6E451F154ADB}.Release|x64.Build.0 = Release|Any CPU
		{9124BE8E-1D6B-44E2-AB4C-6E451F154ADB}.Release|x86.ActiveCfg = Release|Any CPU
		{9124BE8E-1D6B-44E2-AB4C-6E451F154ADB}.Release|x86.Build.0 = Release|Any CPU
		{4C198FED-F032-7EBF-C2F9-F05C264F8698}.Debug|Any CPU.ActiveCfg = Debug|Any CPU
		{4C198FED-F032-7EBF-C2F9-F05C264F8698}.Debug|Any CPU.Build.0 = Debug|Any CPU
		{4C198FED-F032-7EBF-C2F9-F05C264F8698}.Debug|x64.ActiveCfg = Debug|Any CPU
		{4C198FED-F032-7EBF-C2F9-F05C264F8698}.Debug|x64.Build.0 = Debug|Any CPU
		{4C198FED-F032-7EBF-C2F9-F05C264F8698}.Debug|x86.ActiveCfg = Debug|Any CPU
		{4C198FED-F032-7EBF-C2F9-F05C264F8698}.Debug|x86.Build.0 = Debug|Any CPU
		{4C198FED-F032-7EBF-C2F9-F05C264F8698}.Release|Any CPU.ActiveCfg = Release|Any CPU
		{4C198FED-F032-7EBF-C2F9-F05C264F8698}.Release|Any CPU.Build.0 = Release|Any CPU
		{4C198FED-F032-7EBF-C2F9-F05C264F8698}.Release|x64.ActiveCfg = Release|Any CPU
		{4C198FED-F032-7EBF-C2F9-F05C264F8698}.Release|x64.Build.0 = Release|Any CPU
		{4C198FED-F032-7EBF-C2F9-F05C264F8698}.Release|x86.ActiveCfg = Release|Any CPU
		{4C198FED-F032-7EBF-C2F9-F05C264F8698}.Release|x86.Build.0 = Release|Any CPU
		{3AD353A9-5494-4961-B7CA-C4376401DED3}.Debug|Any CPU.ActiveCfg = Debug|Any CPU
		{3AD353A9-5494-4961-B7CA-C4376401DED3}.Debug|Any CPU.Build.0 = Debug|Any CPU
		{3AD353A9-5494-4961-B7CA-C4376401DED3}.Debug|x64.ActiveCfg = Debug|Any CPU
		{3AD353A9-5494-4961-B7CA-C4376401DED3}.Debug|x64.Build.0 = Debug|Any CPU
		{3AD353A9-5494-4961-B7CA-C4376401DED3}.Debug|x86.ActiveCfg = Debug|Any CPU
		{3AD353A9-5494-4961-B7CA-C4376401DED3}.Debug|x86.Build.0 = Debug|Any CPU
		{3AD353A9-5494-4961-B7CA-C4376401DED3}.Release|Any CPU.ActiveCfg = Release|Any CPU
		{3AD353A9-5494-4961-B7CA-C4376401DED3}.Release|Any CPU.Build.0 = Release|Any CPU
		{3AD353A9-5494-4961-B7CA-C4376401DED3}.Release|x64.ActiveCfg = Release|Any CPU
		{3AD353A9-5494-4961-B7CA-C4376401DED3}.Release|x64.Build.0 = Release|Any CPU
		{3AD353A9-5494-4961-B7CA-C4376401DED3}.Release|x86.ActiveCfg = Release|Any CPU
		{3AD353A9-5494-4961-B7CA-C4376401DED3}.Release|x86.Build.0 = Release|Any CPU
		{BE680428-995B-4435-ABF6-1B5DF98FAA40}.Debug|Any CPU.ActiveCfg = Debug|Any CPU
		{BE680428-995B-4435-ABF6-1B5DF98FAA40}.Debug|Any CPU.Build.0 = Debug|Any CPU
		{BE680428-995B-4435-ABF6-1B5DF98FAA40}.Debug|x64.ActiveCfg = Debug|Any CPU
		{BE680428-995B-4435-ABF6-1B5DF98FAA40}.Debug|x64.Build.0 = Debug|Any CPU
		{BE680428-995B-4435-ABF6-1B5DF98FAA40}.Debug|x86.ActiveCfg = Debug|Any CPU
		{BE680428-995B-4435-ABF6-1B5DF98FAA40}.Debug|x86.Build.0 = Debug|Any CPU
		{BE680428-995B-4435-ABF6-1B5DF98FAA40}.Release|Any CPU.ActiveCfg = Release|Any CPU
		{BE680428-995B-4435-ABF6-1B5DF98FAA40}.Release|Any CPU.Build.0 = Release|Any CPU
		{BE680428-995B-4435-ABF6-1B5DF98FAA40}.Release|x64.ActiveCfg = Release|Any CPU
		{BE680428-995B-4435-ABF6-1B5DF98FAA40}.Release|x64.Build.0 = Release|Any CPU
		{BE680428-995B-4435-ABF6-1B5DF98FAA40}.Release|x86.ActiveCfg = Release|Any CPU
		{BE680428-995B-4435-ABF6-1B5DF98FAA40}.Release|x86.Build.0 = Release|Any CPU
		{6775E400-E012-DE19-9DE9-33CD9D19C73F}.Debug|Any CPU.ActiveCfg = Debug|Any CPU
		{6775E400-E012-DE19-9DE9-33CD9D19C73F}.Debug|Any CPU.Build.0 = Debug|Any CPU
		{6775E400-E012-DE19-9DE9-33CD9D19C73F}.Debug|x64.ActiveCfg = Debug|Any CPU
		{6775E400-E012-DE19-9DE9-33CD9D19C73F}.Debug|x64.Build.0 = Debug|Any CPU
		{6775E400-E012-DE19-9DE9-33CD9D19C73F}.Debug|x86.ActiveCfg = Debug|Any CPU
		{6775E400-E012-DE19-9DE9-33CD9D19C73F}.Debug|x86.Build.0 = Debug|Any CPU
		{6775E400-E012-DE19-9DE9-33CD9D19C73F}.Release|Any CPU.ActiveCfg = Release|Any CPU
		{6775E400-E012-DE19-9DE9-33CD9D19C73F}.Release|Any CPU.Build.0 = Release|Any CPU
		{6775E400-E012-DE19-9DE9-33CD9D19C73F}.Release|x64.ActiveCfg = Release|Any CPU
		{6775E400-E012-DE19-9DE9-33CD9D19C73F}.Release|x64.Build.0 = Release|Any CPU
		{6775E400-E012-DE19-9DE9-33CD9D19C73F}.Release|x86.ActiveCfg = Release|Any CPU
		{6775E400-E012-DE19-9DE9-33CD9D19C73F}.Release|x86.Build.0 = Release|Any CPU
		{898760AB-76B8-A358-0668-554DB9F36E36}.Debug|Any CPU.ActiveCfg = Debug|Any CPU
		{898760AB-76B8-A358-0668-554DB9F36E36}.Debug|Any CPU.Build.0 = Debug|Any CPU
		{898760AB-76B8-A358-0668-554DB9F36E36}.Debug|x64.ActiveCfg = Debug|Any CPU
		{898760AB-76B8-A358-0668-554DB9F36E36}.Debug|x64.Build.0 = Debug|Any CPU
		{898760AB-76B8-A358-0668-554DB9F36E36}.Debug|x86.ActiveCfg = Debug|Any CPU
		{898760AB-76B8-A358-0668-554DB9F36E36}.Debug|x86.Build.0 = Debug|Any CPU
		{898760AB-76B8-A358-0668-554DB9F36E36}.Release|Any CPU.ActiveCfg = Release|Any CPU
		{898760AB-76B8-A358-0668-554DB9F36E36}.Release|Any CPU.Build.0 = Release|Any CPU
		{898760AB-76B8-A358-0668-554DB9F36E36}.Release|x64.ActiveCfg = Release|Any CPU
		{898760AB-76B8-A358-0668-554DB9F36E36}.Release|x64.Build.0 = Release|Any CPU
		{898760AB-76B8-A358-0668-554DB9F36E36}.Release|x86.ActiveCfg = Release|Any CPU
		{898760AB-76B8-A358-0668-554DB9F36E36}.Release|x86.Build.0 = Release|Any CPU
		{D82FEC9A-803E-47F3-852D-45AF7FF920B8}.Debug|Any CPU.ActiveCfg = Debug|Any CPU
		{D82FEC9A-803E-47F3-852D-45AF7FF920B8}.Debug|Any CPU.Build.0 = Debug|Any CPU
		{D82FEC9A-803E-47F3-852D-45AF7FF920B8}.Debug|x64.ActiveCfg = Debug|Any CPU
		{D82FEC9A-803E-47F3-852D-45AF7FF920B8}.Debug|x64.Build.0 = Debug|Any CPU
		{D82FEC9A-803E-47F3-852D-45AF7FF920B8}.Debug|x86.ActiveCfg = Debug|Any CPU
		{D82FEC9A-803E-47F3-852D-45AF7FF920B8}.Debug|x86.Build.0 = Debug|Any CPU
		{D82FEC9A-803E-47F3-852D-45AF7FF920B8}.Release|Any CPU.ActiveCfg = Release|Any CPU
		{D82FEC9A-803E-47F3-852D-45AF7FF920B8}.Release|Any CPU.Build.0 = Release|Any CPU
		{D82FEC9A-803E-47F3-852D-45AF7FF920B8}.Release|x64.ActiveCfg = Release|Any CPU
		{D82FEC9A-803E-47F3-852D-45AF7FF920B8}.Release|x64.Build.0 = Release|Any CPU
		{D82FEC9A-803E-47F3-852D-45AF7FF920B8}.Release|x86.ActiveCfg = Release|Any CPU
		{D82FEC9A-803E-47F3-852D-45AF7FF920B8}.Release|x86.Build.0 = Release|Any CPU
		{7B96DFA4-23F1-427F-996D-4EABCDEE5702}.Debug|Any CPU.ActiveCfg = Debug|Any CPU
		{7B96DFA4-23F1-427F-996D-4EABCDEE5702}.Debug|Any CPU.Build.0 = Debug|Any CPU
		{7B96DFA4-23F1-427F-996D-4EABCDEE5702}.Debug|x64.ActiveCfg = Debug|Any CPU
		{7B96DFA4-23F1-427F-996D-4EABCDEE5702}.Debug|x64.Build.0 = Debug|Any CPU
		{7B96DFA4-23F1-427F-996D-4EABCDEE5702}.Debug|x86.ActiveCfg = Debug|Any CPU
		{7B96DFA4-23F1-427F-996D-4EABCDEE5702}.Debug|x86.Build.0 = Debug|Any CPU
		{7B96DFA4-23F1-427F-996D-4EABCDEE5702}.Release|Any CPU.ActiveCfg = Release|Any CPU
		{7B96DFA4-23F1-427F-996D-4EABCDEE5702}.Release|Any CPU.Build.0 = Release|Any CPU
		{7B96DFA4-23F1-427F-996D-4EABCDEE5702}.Release|x64.ActiveCfg = Release|Any CPU
		{7B96DFA4-23F1-427F-996D-4EABCDEE5702}.Release|x64.Build.0 = Release|Any CPU
		{7B96DFA4-23F1-427F-996D-4EABCDEE5702}.Release|x86.ActiveCfg = Release|Any CPU
		{7B96DFA4-23F1-427F-996D-4EABCDEE5702}.Release|x86.Build.0 = Release|Any CPU
	EndGlobalSection
	GlobalSection(SolutionProperties) = preSolution
		HideSolutionNode = FALSE
	EndGlobalSection
	GlobalSection(NestedProjects) = preSolution
		{D936979D-2B97-467A-AD70-2A9761F153F0} = {02EA681E-C7D8-13C7-8484-4AC65E1B71E8}
	EndGlobalSection
	GlobalSection(ExtensibilityGlobals) = postSolution
		SolutionGuid = {17EDB0C8-9EF0-4D8A-BE94-0906B7068A0A}
	EndGlobalSection
EndGlobal
