
Microsoft Visual Studio Solution File, Format Version 12.00
# Visual Studio Version 17
VisualStudioVersion = 17.10.35027.167
MinimumVisualStudioVersion = 10.0.40219.1
Project("{9A19103F-16F7-4668-BE54-9A1E7A4F7556}") = "BMTP3.Core", "BMTP3.Core\BMTP3.Core.csproj", "{E7F79CA5-A205-48D8-A7DE-0610A05D54B8}"
EndProject
Project("{FAE04EC0-301F-11D3-BF4B-00C04F79EFBC}") = "BMTP3.Common", "BMTP3.Common\BMTP3.Common.csproj", "{749CC314-0DF3-40F2-B2C9-8C6FD1F92775}"
EndProject
Project("{FAE04EC0-301F-11D3-BF4B-00C04F79EFBC}") = "BMTP3.Common.Tests", "BMTP3.Common.Tests\BMTP3.Common.Tests.csproj", "{5840EE77-AB40-42E2-986D-48DF8603313D}"
EndProject
Project("{FAE04EC0-301F-11D3-BF4B-00C04F79EFBC}") = "BMTP3.Core.Tests", "BMTP3.Core.Tests\BMTP3.Core.Tests.csproj", "{76B92852-FD17-47A9-AC0A-63A475D21B45}"
EndProject
Project("{FAE04EC0-301F-11D3-BF4B-00C04F79EFBC}") = "BMTP3.Consoles", "BMTP3.Consoles\BMTP3.Consoles.csproj", "{6103C3DF-6103-8850-9A32-C58219E05CDD}"
EndProject
Project("{2150E333-8FDC-42A3-9474-1A3956D46DE8}") = "Solution Items", "Solution Items", "{02EA681E-C7D8-13C7-8484-4AC65E1B71E8}"
	ProjectSection(SolutionItems) = preProject
		.editorconfig = .editorconfig
		bump-build.ps1 = bump-build.ps1
		bump-releasechannel.ps1 = bump-releasechannel.ps1
		CLA.md = CLA.md
		Directory.Build.props = Directory.Build.props
		Directory.Build.targets = Directory.Build.targets
		LICENSE.md = LICENSE.md
	EndProjectSection
EndProject
Global
	GlobalSection(SolutionConfigurationPlatforms) = preSolution
		Debug|Any CPU = Debug|Any CPU
		Release|Any CPU = Release|Any CPU
	EndGlobalSection
	GlobalSection(ProjectConfigurationPlatforms) = postSolution
		{E7F79CA5-A205-48D8-A7DE-0610A05D54B8}.Debug|Any CPU.ActiveCfg = Debug|Any CPU
		{E7F79CA5-A205-48D8-A7DE-0610A05D54B8}.Debug|Any CPU.Build.0 = Debug|Any CPU
		{E7F79CA5-A205-48D8-A7DE-0610A05D54B8}.Release|Any CPU.ActiveCfg = Release|Any CPU
		{E7F79CA5-A205-48D8-A7DE-0610A05D54B8}.Release|Any CPU.Build.0 = Release|Any CPU
		{749CC314-0DF3-40F2-B2C9-8C6FD1F92775}.Debug|Any CPU.ActiveCfg = Debug|Any CPU
		{749CC314-0DF3-40F2-B2C9-8C6FD1F92775}.Debug|Any CPU.Build.0 = Debug|Any CPU
		{749CC314-0DF3-40F2-B2C9-8C6FD1F92775}.Release|Any CPU.ActiveCfg = Release|Any CPU
		{749CC314-0DF3-40F2-B2C9-8C6FD1F92775}.Release|Any CPU.Build.0 = Release|Any CPU
		{5840EE77-AB40-42E2-986D-48DF8603313D}.Debug|Any CPU.ActiveCfg = Debug|Any CPU
		{5840EE77-AB40-42E2-986D-48DF8603313D}.Debug|Any CPU.Build.0 = Debug|Any CPU
		{5840EE77-AB40-42E2-986D-48DF8603313D}.Release|Any CPU.ActiveCfg = Release|Any CPU
		{5840EE77-AB40-42E2-986D-48DF8603313D}.Release|Any CPU.Build.0 = Release|Any CPU
		{76B92852-FD17-47A9-AC0A-63A475D21B45}.Debug|Any CPU.ActiveCfg = Debug|Any CPU
		{76B92852-FD17-47A9-AC0A-63A475D21B45}.Debug|Any CPU.Build.0 = Debug|Any CPU
		{76B92852-FD17-47A9-AC0A-63A475D21B45}.Release|Any CPU.ActiveCfg = Release|Any CPU
		{76B92852-FD17-47A9-AC0A-63A475D21B45}.Release|Any CPU.Build.0 = Release|Any CPU
		{6103C3DF-6103-8850-9A32-C58219E05CDD}.Debug|Any CPU.ActiveCfg = Debug|Any CPU
		{6103C3DF-6103-8850-9A32-C58219E05CDD}.Debug|Any CPU.Build.0 = Debug|Any CPU
		{6103C3DF-6103-8850-9A32-C58219E05CDD}.Release|Any CPU.ActiveCfg = Release|Any CPU
		{6103C3DF-6103-8850-9A32-C58219E05CDD}.Release|Any CPU.Build.0 = Release|Any CPU
	EndGlobalSection
	GlobalSection(SolutionProperties) = preSolution
		HideSolutionNode = FALSE
	EndGlobalSection
	GlobalSection(ExtensibilityGlobals) = postSolution
		SolutionGuid = {17EDB0C8-9EF0-4D8A-BE94-0906B7068A0A}
	EndGlobalSection
EndGlobal
