
Microsoft Visual Studio Solution File, Format Version 12.00
# Visual Studio Version 17
VisualStudioVersion = 17.10.35027.167
MinimumVisualStudioVersion = 10.0.40219.1
Project("{9A19103F-16F7-4668-BE54-9A1E7A4F7556}") = "BMTP3.Core", "BMTP3.Core\BMTP3.Core.csproj", "{E7F79CA5-A205-48D8-A7DE-0610A05D54B8}"
EndProject
Project("{FAE04EC0-301F-11D3-BF4B-00C04F79EFBC}") = "BMTP3.Tests", "BMTP3.Tests\BMTP3.Tests.csproj", "{30F09483-1944-4CC8-9A9F-277DAD8FD964}"
EndProject
Global
	GlobalSection(SolutionConfigurationPlatforms) = preSolution
		Debug|Any CPU = Debug|Any CPU
		Release|Any CPU = Release|Any CPU
	EndGlobalSection
	GlobalSection(ProjectConfigurationPlatforms) = postSolution
		{E7F79CA5-A205-48D8-A7DE-0610A05D54B8}.Debug|Any CPU.ActiveCfg = Debug|Any CPU
		{E7F79CA5-A205-48D8-A7DE-0610A05D54B8}.Debug|Any CPU.Build.0 = Debug|Any CPU
		{E7F79CA5-A205-48D8-A7DE-0610A05D54B8}.Release|Any CPU.ActiveCfg = Release|Any CPU
		{E7F79CA5-A205-48D8-A7DE-0610A05D54B8}.Release|Any CPU.Build.0 = Release|Any CPU
		{30F09483-1944-4CC8-9A9F-277DAD8FD964}.Debug|Any CPU.ActiveCfg = Debug|Any CPU
		{30F09483-1944-4CC8-9A9F-277DAD8FD964}.Debug|Any CPU.Build.0 = Debug|Any CPU
		{30F09483-1944-4CC8-9A9F-277DAD8FD964}.Release|Any CPU.ActiveCfg = Release|Any CPU
		{30F09483-1944-4CC8-9A9F-277DAD8FD964}.Release|Any CPU.Build.0 = Release|Any CPU
	EndGlobalSection
	GlobalSection(SolutionProperties) = preSolution
		HideSolutionNode = FALSE
	EndGlobalSection
	GlobalSection(ExtensibilityGlobals) = postSolution
		SolutionGuid = {17EDB0C8-9EF0-4D8A-BE94-0906B7068A0A}
	EndGlobalSection
EndGlobal
